<Solution>
  <Project Path="FlightTickets.Models/FlightTickets.Models.csproj" />
  <Project Path="FlightTickets.OrderAPI/FlightTickets.OrderAPI.csproj" />
  <Project Path="FlightTickets.PaymentAPI/FlightTickets.PaymentAPI.csproj" />
  <Project Path="FlightTickets.Tests/FlightTickets.Tests.csproj" Id="36378a86-ac24-46b9-8407-ca003e20aa9b" />
  <Project Path="FlightTickets/FlightTickets.ConsumerAPI.csproj" />
</Solution>
